
Microsoft Visual Studio Solution File, Format Version 12.00
# Visual Studio 2012
Project("{FAE04EC0-301F-11D3-BF4B-00C04F79EFBC}") = "FLAnimatedImageBinding", "FLAnimatedImageBinding\FLAnimatedImageBinding.csproj", "{505D7FA0-F897-46C7-8DC4-ACFFF3DC0DF5}"
EndProject
Global
	GlobalSection(SolutionConfigurationPlatforms) = preSolution
		Debug|Any CPU = Debug|Any CPU
		Release|Any CPU = Release|Any CPU
	EndGlobalSection
	GlobalSection(ProjectConfigurationPlatforms) = postSolution
		{505D7FA0-F897-46C7-8DC4-ACFFF3DC0DF5}.Debug|Any CPU.ActiveCfg = Debug|Any CPU
		{505D7FA0-F897-46C7-8DC4-ACFFF3DC0DF5}.Debug|Any CPU.Build.0 = Debug|Any CPU
		{505D7FA0-F897-46C7-8DC4-ACFFF3DC0DF5}.Release|Any CPU.ActiveCfg = Release|Any CPU
		{505D7FA0-F897-46C7-8DC4-ACFFF3DC0DF5}.Release|Any CPU.Build.0 = Release|Any CPU
	EndGlobalSection
	GlobalSection(MonoDevelopProperties) = preSolution
		StartupItem = FLAnimatedImageBinding\FLAnimatedImageBinding.csproj
	EndGlobalSection
EndGlobal
